
Microsoft Visual Studio Solution File, Format Version 12.00
# Visual Studio Version 17
VisualStudioVersion = 17.10.34928.147
MinimumVisualStudioVersion = 10.0.40219.1
Project("{9A19103F-16F7-4668-BE54-9A1E7A4F7556}") = "TodoLibrary", "TodoLibrary\TodoLibrary.csproj", "{62DFBE77-B66F-4A1E-B37B-CB96F5B98A18}"
EndProject
Project("{9A19103F-16F7-4668-BE54-9A1E7A4F7556}") = "TodoApi", "TodoApi\TodoApi.csproj", "{A0DC9085-ED0B-4EA7-AA89-D7ED89D5E299}"
EndProject
Project("{00D1A9C2-B5F0-4AF3-8072-F6C62B433612}") = "TodoDb", "TodoDb\TodoDb.sqlproj", "{DBF63574-68E8-4F27-9883-17BF6EB98764}"
EndProject
Global
	GlobalSection(SolutionConfigurationPlatforms) = preSolution
		Debug|Any CPU = Debug|Any CPU
		Release|Any CPU = Release|Any CPU
	EndGlobalSection
	GlobalSection(ProjectConfigurationPlatforms) = postSolution
		{62DFBE77-B66F-4A1E-B37B-CB96F5B98A18}.Debug|Any CPU.ActiveCfg = Debug|Any CPU
		{62DFBE77-B66F-4A1E-B37B-CB96F5B98A18}.Debug|Any CPU.Build.0 = Debug|Any CPU
		{62DFBE77-B66F-4A1E-B37B-CB96F5B98A18}.Release|Any CPU.ActiveCfg = Release|Any CPU
		{62DFBE77-B66F-4A1E-B37B-CB96F5B98A18}.Release|Any CPU.Build.0 = Release|Any CPU
		{A0DC9085-ED0B-4EA7-AA89-D7ED89D5E299}.Debug|Any CPU.ActiveCfg = Debug|Any CPU
		{A0DC9085-ED0B-4EA7-AA89-D7ED89D5E299}.Debug|Any CPU.Build.0 = Debug|Any CPU
		{A0DC9085-ED0B-4EA7-AA89-D7ED89D5E299}.Release|Any CPU.ActiveCfg = Release|Any CPU
		{A0DC9085-ED0B-4EA7-AA89-D7ED89D5E299}.Release|Any CPU.Build.0 = Release|Any CPU
		{DBF63574-68E8-4F27-9883-17BF6EB98764}.Debug|Any CPU.ActiveCfg = Debug|Any CPU
		{DBF63574-68E8-4F27-9883-17BF6EB98764}.Debug|Any CPU.Build.0 = Debug|Any CPU
		{DBF63574-68E8-4F27-9883-17BF6EB98764}.Debug|Any CPU.Deploy.0 = Debug|Any CPU
		{DBF63574-68E8-4F27-9883-17BF6EB98764}.Release|Any CPU.ActiveCfg = Release|Any CPU
		{DBF63574-68E8-4F27-9883-17BF6EB98764}.Release|Any CPU.Build.0 = Release|Any CPU
		{DBF63574-68E8-4F27-9883-17BF6EB98764}.Release|Any CPU.Deploy.0 = Release|Any CPU
	EndGlobalSection
	GlobalSection(SolutionProperties) = preSolution
		HideSolutionNode = FALSE
	EndGlobalSection
	GlobalSection(ExtensibilityGlobals) = postSolution
		SolutionGuid = {21B1B93D-DEB8-4AD3-BEC9-434566F74BEC}
	EndGlobalSection
EndGlobal
